
Microsoft Visual Studio Solution File, Format Version 12.00
# Visual Studio Version 17
VisualStudioVersion = 17.9.34616.47
MinimumVisualStudioVersion = 10.0.40219.1
Project("{FAE04EC0-301F-11D3-BF4B-00C04F79EFBC}") = "Avaliacao", "Avaliacao\Avaliacao.csproj", "{76219B59-0240-4CF0-8446-26F8236D3D6C}"
EndProject
Global
	GlobalSection(SolutionConfigurationPlatforms) = preSolution
		Debug|Any CPU = Debug|Any CPU
		Release|Any CPU = Release|Any CPU
	EndGlobalSection
	GlobalSection(ProjectConfigurationPlatforms) = postSolution
		{76219B59-0240-4CF0-8446-26F8236D3D6C}.Debug|Any CPU.ActiveCfg = Debug|Any CPU
		{76219B59-0240-4CF0-8446-26F8236D3D6C}.Debug|Any CPU.Build.0 = Debug|Any CPU
		{76219B59-0240-4CF0-8446-26F8236D3D6C}.Release|Any CPU.ActiveCfg = Release|Any CPU
		{76219B59-0240-4CF0-8446-26F8236D3D6C}.Release|Any CPU.Build.0 = Release|Any CPU
	EndGlobalSection
	GlobalSection(SolutionProperties) = preSolution
		HideSolutionNode = FALSE
	EndGlobalSection
	GlobalSection(ExtensibilityGlobals) = postSolution
		SolutionGuid = {ACF70AD4-B9D2-4C01-B7B4-ED67CCFC57DE}
	EndGlobalSection
EndGlobal
